
Microsoft Visual Studio Solution File, Format Version 12.00
# Visual Studio Version 17
VisualStudioVersion = 17.0.31903.59
MinimumVisualStudioVersion = 10.0.40219.1
Project("{FAE04EC0-301F-11D3-BF4B-00C04F79EFBC}") = "MyApp", "MyApp\MyApp.csproj", "{D9894AA6-C266-4EC9-8D5C-0E4B2C91866D}"
EndProject
Project("{FAE04EC0-301F-11D3-BF4B-00C04F79EFBC}") = "MyApp.Tests", "MyApp.Tests\MyApp.Tests.csproj", "{D7B2245A-2B25-4CC5-BA52-62587600E2BA}"
EndProject
Global
	GlobalSection(SolutionConfigurationPlatforms) = preSolution
		Debug|Any CPU = Debug|Any CPU
		Debug|x64 = Debug|x64
		Debug|x86 = Debug|x86
		Release|Any CPU = Release|Any CPU
		Release|x64 = Release|x64
		Release|x86 = Release|x86
	EndGlobalSection
	GlobalSection(ProjectConfigurationPlatforms) = postSolution
		{D9894AA6-C266-4EC9-8D5C-0E4B2C91866D}.Debug|Any CPU.ActiveCfg = Debug|Any CPU
		{D9894AA6-C266-4EC9-8D5C-0E4B2C91866D}.Debug|Any CPU.Build.0 = Debug|Any CPU
		{D9894AA6-C266-4EC9-8D5C-0E4B2C91866D}.Debug|x64.ActiveCfg = Debug|Any CPU
		{D9894AA6-C266-4EC9-8D5C-0E4B2C91866D}.Debug|x64.Build.0 = Debug|Any CPU
		{D9894AA6-C266-4EC9-8D5C-0E4B2C91866D}.Debug|x86.ActiveCfg = Debug|Any CPU
		{D9894AA6-C266-4EC9-8D5C-0E4B2C91866D}.Debug|x86.Build.0 = Debug|Any CPU
		{D9894AA6-C266-4EC9-8D5C-0E4B2C91866D}.Release|Any CPU.ActiveCfg = Release|Any CPU
		{D9894AA6-C266-4EC9-8D5C-0E4B2C91866D}.Release|Any CPU.Build.0 = Release|Any CPU
		{D9894AA6-C266-4EC9-8D5C-0E4B2C91866D}.Release|x64.ActiveCfg = Release|Any CPU
		{D9894AA6-C266-4EC9-8D5C-0E4B2C91866D}.Release|x64.Build.0 = Release|Any CPU
		{D9894AA6-C266-4EC9-8D5C-0E4B2C91866D}.Release|x86.ActiveCfg = Release|Any CPU
		{D9894AA6-C266-4EC9-8D5C-0E4B2C91866D}.Release|x86.Build.0 = Release|Any CPU
		{D7B2245A-2B25-4CC5-BA52-62587600E2BA}.Debug|Any CPU.ActiveCfg = Debug|Any CPU
		{D7B2245A-2B25-4CC5-BA52-62587600E2BA}.Debug|Any CPU.Build.0 = Debug|Any CPU
		{D7B2245A-2B25-4CC5-BA52-62587600E2BA}.Debug|x64.ActiveCfg = Debug|Any CPU
		{D7B2245A-2B25-4CC5-BA52-62587600E2BA}.Debug|x64.Build.0 = Debug|Any CPU
		{D7B2245A-2B25-4CC5-BA52-62587600E2BA}.Debug|x86.ActiveCfg = Debug|Any CPU
		{D7B2245A-2B25-4CC5-BA52-62587600E2BA}.Debug|x86.Build.0 = Debug|Any CPU
		{D7B2245A-2B25-4CC5-BA52-62587600E2BA}.Release|Any CPU.ActiveCfg = Release|Any CPU
		{D7B2245A-2B25-4CC5-BA52-62587600E2BA}.Release|Any CPU.Build.0 = Release|Any CPU
		{D7B2245A-2B25-4CC5-BA52-62587600E2BA}.Release|x64.ActiveCfg = Release|Any CPU
		{D7B2245A-2B25-4CC5-BA52-62587600E2BA}.Release|x64.Build.0 = Release|Any CPU
		{D7B2245A-2B25-4CC5-BA52-62587600E2BA}.Release|x86.ActiveCfg = Release|Any CPU
		{D7B2245A-2B25-4CC5-BA52-62587600E2BA}.Release|x86.Build.0 = Release|Any CPU
	EndGlobalSection
	GlobalSection(SolutionProperties) = preSolution
		HideSolutionNode = FALSE
	EndGlobalSection
EndGlobal
