Microsoft Visual Studio Solution File, Format Version 12.00
# Visual Studio Version 17
VisualStudioVersion = 17.5.2.0
MinimumVisualStudioVersion = 10.0.40219.1
Project("{FAE04EC0-301F-11D3-BF4B-00C04F79EFBC}") = "FiltersLecture", "FiltersLecture.csproj", "{73720E50-9992-147E-BE78-BF00E0C9AF5C}"
EndProject
Global
	GlobalSection(SolutionConfigurationPlatforms) = preSolution
		Debug|Any CPU = Debug|Any CPU
		Release|Any CPU = Release|Any CPU
	EndGlobalSection
	GlobalSection(ProjectConfigurationPlatforms) = postSolution
		{73720E50-9992-147E-BE78-BF00E0C9AF5C}.Debug|Any CPU.ActiveCfg = Debug|Any CPU
		{73720E50-9992-147E-BE78-BF00E0C9AF5C}.Debug|Any CPU.Build.0 = Debug|Any CPU
		{73720E50-9992-147E-BE78-BF00E0C9AF5C}.Release|Any CPU.ActiveCfg = Release|Any CPU
		{73720E50-9992-147E-BE78-BF00E0C9AF5C}.Release|Any CPU.Build.0 = Release|Any CPU
	EndGlobalSection
	GlobalSection(SolutionProperties) = preSolution
		HideSolutionNode = FALSE
	EndGlobalSection
	GlobalSection(ExtensibilityGlobals) = postSolution
		SolutionGuid = {48D5C448-A116-4E74-9AA6-EEC12C3E14B8}
	EndGlobalSection
EndGlobal
